{
  "name": "showpydata",
  "version": "1.0.0",
  "lockfileVersion": 1,
  "requires": true,
  "dependencies": {
    "axios": {
      "version": "0.25.0",
      "resolved": "https://registry.npmmirror.com/axios/download/axios-0.25.0.tgz",
      "integrity": "sha512-cD8FOb0tRH3uuEe6+evtAbgJtfxr7ly3fQjYcMcuPlgkwVS9xboaVIpcDV+cYQe+yGykgwZCs1pzjntcGa6l5g==",
      "requires": {
        "follow-redirects": "^1.14.7"
      }
    },
    "echarts": {
      "version": "5.2.2",
      "resolved": "https://registry.npmmirror.com/echarts/download/echarts-5.2.2.tgz",
      "integrity": "sha512-yxuBfeIH5c+0FsoRP60w4De6omXhA06c7eUYBsC1ykB6Ys2yK5fSteIYWvkJ4xJVLQgCvAdO8C4mN6MLeJpBaw==",
      "requires": {
        "tslib": "2.3.0",
        "zrender": "5.2.1"
      }
    },
    "follow-redirects": {
      "version": "1.14.7",
      "resolved": "https://registry.npmmirror.com/follow-redirects/download/follow-redirects-1.14.7.tgz",
      "integrity": "sha512-+hbxoLbFMbRKDwohX8GkTataGqO6Jb7jGwpAlwgy2bIz25XtRm7KEzJM76R1WiNT5SwZkX4Y75SwBolkpmE7iQ=="
    },
    "jquery": {
      "version": "3.6.0",
      "resolved": "https://registry.npmmirror.com/jquery/download/jquery-3.6.0.tgz",
      "integrity": "sha512-JVzAR/AjBvVt2BmYhxRCSYysDsPcssdmTFnzyLEts9qNwmjmu4JTAMYubEfwVOSwpQ1I1sKKFcxhZCI2buerfw=="
    },
    "layui": {
      "version": "2.6.8",
      "resolved": "https://registry.nlark.com/layui/download/layui-2.6.8.tgz",
      "integrity": "sha1-tUAqnM4hUMssrwTemLhoJY3ui54="
    },
    "tslib": {
      "version": "2.3.0",
      "resolved": "https://registry.npmmirror.com/tslib/download/tslib-2.3.0.tgz",
      "integrity": "sha512-N82ooyxVNm6h1riLCoyS9e3fuJ3AMG2zIZs2Gd1ATcSFjSA23Q0fzjjZeh0jbJvWVDZ0cJT8yaNNaaXHzueNjg=="
    },
    "zrender": {
      "version": "5.2.1",
      "resolved": "https://registry.npmmirror.com/zrender/download/zrender-5.2.1.tgz",
      "integrity": "sha1-X0u9qRW6bUErCxncJDG+qtBUF7s=",
      "requires": {
        "tslib": "2.3.0"
      }
    }
  }
}
